{
  "name": "mediagoblin",
  "lockfileVersion": 3,
  "requires": true,
  "packages": {
    "": {
      "dependencies": {
        "jquery": "~2.1.3",
        "leaflet": "~0.7.3",
        "video.js": "~5.20.1",
        "videojs-resolution-switcher": "~0.4.2"
      }
    },
    "node_modules/babel-runtime": {
      "version": "6.26.0",
      "resolved": "https://registry.npmjs.org/babel-runtime/-/babel-runtime-6.26.0.tgz",
      "integrity": "sha512-ITKNuq2wKlW1fJg9sSW52eepoYgZBggvOAHC0u/CYu/qxQ9EVzThCgR69BnSXLHjy2f7SY5zaQ4yt7H9ZVxY2g==",
      "license": "MIT",
      "dependencies": {
        "core-js": "^2.4.0",
        "regenerator-runtime": "^0.11.0"
      }
    },
    "node_modules/core-js": {
      "version": "2.6.12",
      "resolved": "https://registry.npmjs.org/core-js/-/core-js-2.6.12.tgz",
      "integrity": "sha512-Kb2wC0fvsWfQrgk8HU5lW6U/Lcs8+9aaYcy4ZFc6DDlo4nZ7n70dEgE5rtR0oG6ufKDUnrwfWL1mXR5ljDatrQ==",
      "deprecated": "core-js@<3.23.3 is no longer maintained and not recommended for usage due to the number of issues. Because of the V8 engine whims, feature detection in old core-js versions could cause a slowdown up to 100x even if nothing is polyfilled. Some versions have web compatibility issues. Please, upgrade your dependencies to the actual version of core-js.",
      "hasInstallScript": true,
      "license": "MIT"
    },
    "node_modules/dom-walk": {
      "version": "0.1.2",
      "resolved": "https://registry.npmjs.org/dom-walk/-/dom-walk-0.1.2.tgz",
      "integrity": "sha512-6QvTW9mrGeIegrFXdtQi9pk7O/nSK6lSdXW2eqUspN5LWD7UTji2Fqw5V2YLjBpHEoU9Xl/eUWNpDeZvoyOv2w=="
    },
    "node_modules/es5-shim": {
      "version": "4.6.7",
      "resolved": "https://registry.npmjs.org/es5-shim/-/es5-shim-4.6.7.tgz",
      "integrity": "sha512-jg21/dmlrNQI7JyyA2w7n+yifSxBng0ZralnSfVZjoCawgNTCnS+yBCyVM9DL5itm7SUnDGgv7hcq2XCZX4iRQ==",
      "license": "MIT",
      "engines": {
        "node": ">=0.4.0"
      }
    },
    "node_modules/global": {
      "version": "4.3.0",
      "resolved": "https://registry.npmjs.org/global/-/global-4.3.0.tgz",
      "integrity": "sha512-gYXjGrJazbz80Vd5Ia7/Tr9dTqW8E4vN6XQtQI8jpi66P+QwLrkiKD1PWmdtVpamI4jc0d4TPGs2yYSceVyuQw==",
      "dependencies": {
        "min-document": "^2.6.1",
        "process": "~0.5.1"
      }
    },
    "node_modules/individual": {
      "version": "2.0.0",
      "resolved": "https://registry.npmjs.org/individual/-/individual-2.0.0.tgz",
      "integrity": "sha512-pWt8hBCqJsUWI/HtcfWod7+N9SgAqyPEaF7JQjwzjn5vGrpg6aQ5qeAFQ7dx//UH4J1O+7xqew+gCeeFt6xN/g=="
    },
    "node_modules/is-function": {
      "version": "1.0.2",
      "resolved": "https://registry.npmjs.org/is-function/-/is-function-1.0.2.tgz",
      "integrity": "sha512-lw7DUp0aWXYg+CBCN+JKkcE0Q2RayZnSvnZBlwgxHBQhqt5pZNVy4Ri7H9GmmXkdu7LUthszM+Tor1u/2iBcpQ==",
      "license": "MIT"
    },
    "node_modules/jquery": {
      "version": "2.1.3",
      "resolved": "https://registry.npmjs.org/jquery/-/jquery-2.1.3.tgz",
      "integrity": "sha512-1thSX0P6ZEPXU9fYrJD+lHbG4K3dYj8cNG+vZA/sFvSOgvkd55MOj5c79slivyLwPCeTYoHlRP4uMzPgUgpITQ==",
      "deprecated": "This version is deprecated. Please upgrade to the latest version or find support at https://www.herodevs.com/support/jquery-nes."
    },
    "node_modules/leaflet": {
      "version": "0.7.3",
      "resolved": "https://registry.npmjs.org/leaflet/-/leaflet-0.7.3.tgz",
      "integrity": "sha512-Ue6wumxsi6ynCq6HxumwU/F2McgogFvmJCOlE5Avu/l+oLPaajAUexhDRr9wWnPV1R9Fgnn5dMxYLBYz3e4HQQ=="
    },
    "node_modules/min-document": {
      "version": "2.19.0",
      "resolved": "https://registry.npmjs.org/min-document/-/min-document-2.19.0.tgz",
      "integrity": "sha512-9Wy1B3m3f66bPPmU5hdA4DR4PB2OfDU/+GS3yAB7IQozE3tqXaVv2zOjgla7MEGSRv95+ILmOuvhLkOK6wJtCQ==",
      "dependencies": {
        "dom-walk": "^0.1.0"
      }
    },
    "node_modules/parse-headers": {
      "version": "2.0.6",
      "resolved": "https://registry.npmjs.org/parse-headers/-/parse-headers-2.0.6.tgz",
      "integrity": "sha512-Tz11t3uKztEW5FEVZnj1ox8GKblWn+PvHY9TmJV5Mll2uHEwRdR/5Li1OlXoECjLYkApdhWy44ocONwXLiKO5A==",
      "license": "MIT"
    },
    "node_modules/process": {
      "version": "0.5.2",
      "resolved": "https://registry.npmjs.org/process/-/process-0.5.2.tgz",
      "integrity": "sha512-oNpcutj+nYX2FjdEW7PGltWhXulAnFlM0My/k48L90hARCOJtvBbQXc/6itV2jDvU5xAAtonP+r6wmQgCcbAUA==",
      "engines": {
        "node": ">= 0.6.0"
      }
    },
    "node_modules/regenerator-runtime": {
      "version": "0.11.1",
      "resolved": "https://registry.npmjs.org/regenerator-runtime/-/regenerator-runtime-0.11.1.tgz",
      "integrity": "sha512-MguG95oij0fC3QV3URf4V2SDYGJhJnJGqvIIgdECeODCT98wSWDAJ94SSuVpYQUoTcGUIL6L4yNB7j1DFFHSBg==",
      "license": "MIT"
    },
    "node_modules/rust-result": {
      "version": "1.0.0",
      "resolved": "https://registry.npmjs.org/rust-result/-/rust-result-1.0.0.tgz",
      "integrity": "sha512-6cJzSBU+J/RJCF063onnQf0cDUOHs9uZI1oroSGnHOph+CQTIJ5Pp2hK5kEQq1+7yE/EEWfulSNXAQ2jikPthA==",
      "license": "MIT",
      "dependencies": {
        "individual": "^2.0.0"
      }
    },
    "node_modules/safe-json-parse": {
      "version": "4.0.0",
      "resolved": "https://registry.npmjs.org/safe-json-parse/-/safe-json-parse-4.0.0.tgz",
      "integrity": "sha512-RjZPPHugjK0TOzFrLZ8inw44s9bKox99/0AZW9o/BEQVrJfhI+fIHMErnPyRa89/yRXUUr93q+tiN6zhoVV4wQ==",
      "dependencies": {
        "rust-result": "^1.0.0"
      }
    },
    "node_modules/tsml": {
      "version": "1.0.1",
      "resolved": "https://registry.npmjs.org/tsml/-/tsml-1.0.1.tgz",
      "integrity": "sha512-3KmepnH9SUsoOVtg013CRrL7c+AK7ECaquAsJdvu4288EDJuraqBlP4PDXT/rLEJ9YDn4jqLAzRJsnFPx+V6lg==",
      "deprecated": "no longer maintained",
      "license": "MIT"
    },
    "node_modules/video.js": {
      "version": "5.20.1",
      "resolved": "https://registry.npmjs.org/video.js/-/video.js-5.20.1.tgz",
      "integrity": "sha512-fKoaWy2XgnmNCCoyia4YFNYhuOnBX/vxltipk3ut9KVmaKJaFy8frH4iOBn2mOIlico7MxIat8rcCtYG76M3mA==",
      "license": "Apache-2.0",
      "dependencies": {
        "babel-runtime": "^6.9.2",
        "global": "4.3.0",
        "safe-json-parse": "4.0.0",
        "tsml": "1.0.1",
        "videojs-font": "2.0.0",
        "videojs-ie8": "1.1.2",
        "videojs-swf": "5.4.0",
        "videojs-vtt.js": "0.12.3",
        "xhr": "2.2.2"
      }
    },
    "node_modules/videojs-font": {
      "version": "2.0.0",
      "resolved": "https://registry.npmjs.org/videojs-font/-/videojs-font-2.0.0.tgz",
      "integrity": "sha512-SX0akOXrsYrrFF82hm5jcEYzDj7WttS4bTRPuZC/MWWyVFOH5eYL+cP1MQargIvXLn2QKW4itvtn6AET7QNZQQ==",
      "license": "Apache-2.0"
    },
    "node_modules/videojs-ie8": {
      "version": "1.1.2",
      "resolved": "https://registry.npmjs.org/videojs-ie8/-/videojs-ie8-1.1.2.tgz",
      "integrity": "sha512-0Zb2T4MLkpfZbeGMK/Z93b8Lrepr+rLFoHgQV1CoDeFqXvH7b+Vsd/VHoILGxQrgCSHFQ7mAODR6oyMjuiD4/g==",
      "license": "Apache 2.0",
      "dependencies": {
        "es5-shim": "^4.5.1"
      }
    },
    "node_modules/videojs-resolution-switcher": {
      "version": "0.4.2",
      "resolved": "https://registry.npmjs.org/videojs-resolution-switcher/-/videojs-resolution-switcher-0.4.2.tgz",
      "integrity": "sha512-h5N98W929SkbFCG7n0g59mgQQfCw5gqDspD3L68zYqG/R7yf0SSdJn1qrfPn/NricA/I+6W+AvZlD+g60sAiZA==",
      "license": "Apache-2.0",
      "peerDependencies": {
        "video.js": "^5.8"
      }
    },
    "node_modules/videojs-swf": {
      "version": "5.4.0",
      "resolved": "https://registry.npmjs.org/videojs-swf/-/videojs-swf-5.4.0.tgz",
      "integrity": "sha512-RsANyE0trejElCkyJTQi77Tah9T9+4fZlCg5W2MWkd0HMa+sHpNkYUQmc/pJZg53Y8bck2KYlav7CDkTf/2GLw=="
    },
    "node_modules/videojs-vtt.js": {
      "version": "0.12.3",
      "resolved": "https://registry.npmjs.org/videojs-vtt.js/-/videojs-vtt.js-0.12.3.tgz",
      "integrity": "sha512-B7pn1ZFMvbHT/QlhefLa0PL5DpdwsyuNYpYrFMrCC8LxzPe30c7zMHKOpK92DRDmrfRZX86dNQDj7i6dMdr4PQ==",
      "license": "Apache-2.0"
    },
    "node_modules/xhr": {
      "version": "2.2.2",
      "resolved": "https://registry.npmjs.org/xhr/-/xhr-2.2.2.tgz",
      "integrity": "sha512-VcY18yAvVH3tlHZpFDfFWc6EjxYYStVdevvfyjIngWHZjbaUh2l91rH2lk1+zERNyjW1Pm75wWiv1Z2eILbPUA==",
      "license": "MIT",
      "dependencies": {
        "global": "~4.3.0",
        "is-function": "^1.0.1",
        "parse-headers": "^2.0.0",
        "xtend": "^4.0.0"
      }
    },
    "node_modules/xtend": {
      "version": "4.0.2",
      "resolved": "https://registry.npmjs.org/xtend/-/xtend-4.0.2.tgz",
      "integrity": "sha512-LKYU1iAXJXUgAXn9URjiu+MWhyUXHsvfp7mcuYm9dSUKK0/CjtrUwFAxD82/mCWbtLsGjFIad0wIsod4zrTAEQ==",
      "license": "MIT",
      "engines": {
        "node": ">=0.4"
      }
    }
  }
}
